
Microsoft Visual Studio Solution File, Format Version 12.00
# Visual Studio Version 17
VisualStudioVersion = 17.7.34018.315
MinimumVisualStudioVersion = 10.0.40219.1
Project("{FAE04EC0-301F-11D3-BF4B-00C04F79EFBC}") = "ForDöngüsüİleİlgiliÖrnekler", "ForDöngüsüİleİlgiliÖrnekler\ForDöngüsüİleİlgiliÖrnekler.csproj", "{018AECDE-B35F-4916-AFB9-FADE21449251}"
EndProject
Global
	GlobalSection(SolutionConfigurationPlatforms) = preSolution
		Debug|Any CPU = Debug|Any CPU
		Release|Any CPU = Release|Any CPU
	EndGlobalSection
	GlobalSection(ProjectConfigurationPlatforms) = postSolution
		{018AECDE-B35F-4916-AFB9-FADE21449251}.Debug|Any CPU.ActiveCfg = Debug|Any CPU
		{018AECDE-B35F-4916-AFB9-FADE21449251}.Debug|Any CPU.Build.0 = Debug|Any CPU
		{018AECDE-B35F-4916-AFB9-FADE21449251}.Release|Any CPU.ActiveCfg = Release|Any CPU
		{018AECDE-B35F-4916-AFB9-FADE21449251}.Release|Any CPU.Build.0 = Release|Any CPU
	EndGlobalSection
	GlobalSection(SolutionProperties) = preSolution
		HideSolutionNode = FALSE
	EndGlobalSection
	GlobalSection(ExtensibilityGlobals) = postSolution
		SolutionGuid = {DE546E09-6A3F-4F41-8FE6-CFB4819EEDF1}
	EndGlobalSection
EndGlobal
